{
  "name": "Oracle_Prime",
  "lockfileVersion": 3,
  "requires": true,
  "packages": {
    "": {
      "dependencies": {
        "@github/copilot-sdk": "^0.2.2"
      }
    },
    "node_modules/@github/copilot": {
      "version": "1.0.29",
      "resolved": "https://registry.npmjs.org/@github/copilot/-/copilot-1.0.29.tgz",
      "integrity": "sha512-d5MH4Wr5Xja7NlUt97w43kRTfChAhlLCDHhMxE0Gk5kcAMoK1zOwYgz+HrxddViT/MKJMxQIWrgMaeLKROAEZg==",
      "license": "SEE LICENSE IN LICENSE.md",
      "bin": {
        "copilot": "npm-loader.js"
      },
      "optionalDependencies": {
        "@github/copilot-darwin-arm64": "1.0.29",
        "@github/copilot-darwin-x64": "1.0.29",
        "@github/copilot-linux-arm64": "1.0.29",
        "@github/copilot-linux-x64": "1.0.29",
        "@github/copilot-win32-arm64": "1.0.29",
        "@github/copilot-win32-x64": "1.0.29"
      }
    },
    "node_modules/@github/copilot-darwin-arm64": {
      "version": "1.0.29",
      "resolved": "https://registry.npmjs.org/@github/copilot-darwin-arm64/-/copilot-darwin-arm64-1.0.29.tgz",
      "integrity": "sha512-2r0XZDXX3TXKe3BaDHxAL2MVVxl/2kURfIwugu/NN2lpvGsFgZAnk4f8SntN3zvOmwiX2+KvEkHHlPj9Tee3RA==",
      "cpu": [
        "arm64"
      ],
      "license": "SEE LICENSE IN LICENSE.md",
      "optional": true,
      "os": [
        "darwin"
      ],
      "bin": {
        "copilot-darwin-arm64": "copilot"
      }
    },
    "node_modules/@github/copilot-darwin-x64": {
      "version": "1.0.29",
      "resolved": "https://registry.npmjs.org/@github/copilot-darwin-x64/-/copilot-darwin-x64-1.0.29.tgz",
      "integrity": "sha512-T+KqCTeVZW17gKkur37BTnZ7RSFGnqx2dX5ieJ5YS8uTCugNUx44TQVDtbKpMSLyvgzDVM6l80Atp+KnrG8PbA==",
      "cpu": [
        "x64"
      ],
      "license": "SEE LICENSE IN LICENSE.md",
      "optional": true,
      "os": [
        "darwin"
      ],
      "bin": {
        "copilot-darwin-x64": "copilot"
      }
    },
    "node_modules/@github/copilot-linux-arm64": {
      "version": "1.0.29",
      "resolved": "https://registry.npmjs.org/@github/copilot-linux-arm64/-/copilot-linux-arm64-1.0.29.tgz",
      "integrity": "sha512-7Gkj8Rc++5whPvBs/jxcyKClvTR/t9Qb3vdISkR5Teq6LadT468qJR1rtBxWBSFRXl7mbOw6Bo6EESAbwhhArw==",
      "cpu": [
        "arm64"
      ],
      "license": "SEE LICENSE IN LICENSE.md",
      "optional": true,
      "os": [
        "linux"
      ],
      "bin": {
        "copilot-linux-arm64": "copilot"
      }
    },
    "node_modules/@github/copilot-linux-x64": {
      "version": "1.0.29",
      "resolved": "https://registry.npmjs.org/@github/copilot-linux-x64/-/copilot-linux-x64-1.0.29.tgz",
      "integrity": "sha512-fyeuSLfEo+4Rqgj5koNTVx3CtHeVE2n3VZdsLsSGV5mkSg2/pTkr7mqaxbMJEhaMriXdW4/DO7h0dg/rmci8tQ==",
      "cpu": [
        "x64"
      ],
      "license": "SEE LICENSE IN LICENSE.md",
      "optional": true,
      "os": [
        "linux"
      ],
      "bin": {
        "copilot-linux-x64": "copilot"
      }
    },
    "node_modules/@github/copilot-sdk": {
      "version": "0.2.2",
      "resolved": "https://registry.npmjs.org/@github/copilot-sdk/-/copilot-sdk-0.2.2.tgz",
      "integrity": "sha512-VZCqS08YlUM90bUKJ7VLeIxgTTEHtfXBo84T1IUMNvXRREX2csjPH6Z+CPw3S2468RcCLvzBXcc9LtJJTLIWFw==",
      "license": "MIT",
      "dependencies": {
        "@github/copilot": "^1.0.21",
        "vscode-jsonrpc": "^8.2.1",
        "zod": "^4.3.6"
      },
      "engines": {
        "node": ">=20.0.0"
      }
    },
    "node_modules/@github/copilot-win32-arm64": {
      "version": "1.0.29",
      "resolved": "https://registry.npmjs.org/@github/copilot-win32-arm64/-/copilot-win32-arm64-1.0.29.tgz",
      "integrity": "sha512-Pi7o5fffATE+2g/bXIQInegfhevYTYGT1ysLR3QGSEbFYjapchjrRSRC5xBQz0WkuGjSl+0gpAHxAJ78tfhJ0w==",
      "cpu": [
        "arm64"
      ],
      "license": "SEE LICENSE IN LICENSE.md",
      "optional": true,
      "os": [
        "win32"
      ],
      "bin": {
        "copilot-win32-arm64": "copilot.exe"
      }
    },
    "node_modules/@github/copilot-win32-x64": {
      "version": "1.0.29",
      "resolved": "https://registry.npmjs.org/@github/copilot-win32-x64/-/copilot-win32-x64-1.0.29.tgz",
      "integrity": "sha512-ITC0/vzgM2uX2FmMQDo1Mcec1M43Ae7njnLRdfPXdAgLKKP+i4b9r1bnczVb4CFoyG1fca6ss+0rCPOK6xUISw==",
      "cpu": [
        "x64"
      ],
      "license": "SEE LICENSE IN LICENSE.md",
      "optional": true,
      "os": [
        "win32"
      ],
      "bin": {
        "copilot-win32-x64": "copilot.exe"
      }
    },
    "node_modules/vscode-jsonrpc": {
      "version": "8.2.1",
      "resolved": "https://registry.npmjs.org/vscode-jsonrpc/-/vscode-jsonrpc-8.2.1.tgz",
      "integrity": "sha512-kdjOSJ2lLIn7r1rtrMbbNCHjyMPfRnowdKjBQ+mGq6NAW5QY2bEZC/khaC5OR8svbbjvLEaIXkOq45e2X9BIbQ==",
      "license": "MIT",
      "engines": {
        "node": ">=14.0.0"
      }
    },
    "node_modules/zod": {
      "version": "4.3.6",
      "resolved": "https://registry.npmjs.org/zod/-/zod-4.3.6.tgz",
      "integrity": "sha512-rftlrkhHZOcjDwkGlnUtZZkvaPHCsDATp4pGpuOOMDaTdDDXF91wuVDJoWoPsKX/3YPQ5fHuF3STjcYyKr+Qhg==",
      "license": "MIT",
      "funding": {
        "url": "https://github.com/sponsors/colinhacks"
      }
    }
  }
}
